
Microsoft Visual Studio Solution File, Format Version 12.00
# Visual Studio Version 17
VisualStudioVersion = 17.0.32112.339
MinimumVisualStudioVersion = 10.0.40219.1
Project("{FAE04EC0-301F-11D3-BF4B-00C04F79EFBC}") = "OnlineShoppingApp", "OnlineShoppingApp\OnlineShoppingApp.csproj", "{510DD56B-6C5B-4841-B0C9-D515C0E61C28}"
EndProject
Global
	GlobalSection(SolutionConfigurationPlatforms) = preSolution
		Debug|Any CPU = Debug|Any CPU
		Release|Any CPU = Release|Any CPU
	EndGlobalSection
	GlobalSection(ProjectConfigurationPlatforms) = postSolution
		{510DD56B-6C5B-4841-B0C9-D515C0E61C28}.Debug|Any CPU.ActiveCfg = Debug|Any CPU
		{510DD56B-6C5B-4841-B0C9-D515C0E61C28}.Debug|Any CPU.Build.0 = Debug|Any CPU
		{510DD56B-6C5B-4841-B0C9-D515C0E61C28}.Release|Any CPU.ActiveCfg = Release|Any CPU
		{510DD56B-6C5B-4841-B0C9-D515C0E61C28}.Release|Any CPU.Build.0 = Release|Any CPU
	EndGlobalSection
	GlobalSection(SolutionProperties) = preSolution
		HideSolutionNode = FALSE
	EndGlobalSection
	GlobalSection(ExtensibilityGlobals) = postSolution
		SolutionGuid = {688AF797-FEAA-4320-92EC-087BD7F7CBED}
	EndGlobalSection
EndGlobal
